// !$*UTF8*$!
{
	archiveVersion = 1;
	classes = {
	};
	objectVersion = 50;
	objects = {

/* Begin PBXBuildFile section */
		4332342225126D350006C5F9 /* AppDelegate.swift in Sources */ = {isa = PBXBuildFile; fileRef = 4332342125126D350006C5F9 /* AppDelegate.swift */; };
		4332342425126D350006C5F9 /* SceneDelegate.swift in Sources */ = {isa = PBXBuildFile; fileRef = 4332342325126D350006C5F9 /* SceneDelegate.swift */; };
		4332342625126D350006C5F9 /* ViewController.swift in Sources */ = {isa = PBXBuildFile; fileRef = 4332342525126D350006C5F9 /* ViewController.swift */; };
		4332342925126D350006C5F9 /* Main.storyboard in Resources */ = {isa = PBXBuildFile; fileRef = 4332342725126D350006C5F9 /* Main.storyboard */; };
		4332342B25126D360006C5F9 /* Assets.xcassets in Resources */ = {isa = PBXBuildFile; fileRef = 4332342A25126D360006C5F9 /* Assets.xcassets */; };
		4332342E25126D360006C5F9 /* LaunchScreen.storyboard in Resources */ = {isa = PBXBuildFile; fileRef = 4332342C25126D360006C5F9 /* LaunchScreen.storyboard */; };
		4332343925126D360006C5F9 /* Name_JudgmentTests.swift in Sources */ = {isa = PBXBuildFile; fileRef = 4332343825126D360006C5F9 /* Name_JudgmentTests.swift */; };
		4332344425126D360006C5F9 /* Name_JudgmentUITests.swift in Sources */ = {isa = PBXBuildFile; fileRef = 4332344325126D360006C5F9 /* Name_JudgmentUITests.swift */; };
		4332345225126FE80006C5F9 /* ResultViewController.swift in Sources */ = {isa = PBXBuildFile; fileRef = 4332345125126FE80006C5F9 /* ResultViewController.swift */; };
/* End PBXBuildFile section */

/* Begin PBXContainerItemProxy section */
		4332343525126D360006C5F9 /* PBXContainerItemProxy */ = {
			isa = PBXContainerItemProxy;
			containerPortal = 4332341625126D350006C5F9 /* Project object */;
			proxyType = 1;
			remoteGlobalIDString = 4332341D25126D350006C5F9;
			remoteInfo = "Name Judgment";
		};
		4332344025126D360006C5F9 /* PBXContainerItemProxy */ = {
			isa = PBXContainerItemProxy;
			containerPortal = 4332341625126D350006C5F9 /* Project object */;
			proxyType = 1;
			remoteGlobalIDString = 4332341D25126D350006C5F9;
			remoteInfo = "Name Judgment";
		};
/* End PBXContainerItemProxy section */

/* Begin PBXFileReference section */
		4332341E25126D350006C5F9 /* Name Judgment.app */ = {isa = PBXFileReference; explicitFileType = wrapper.application; includeInIndex = 0; path = "Name Judgment.app"; sourceTree = BUILT_PRODUCTS_DIR; };
		4332342125126D350006C5F9 /* AppDelegate.swift */ = {isa = PBXFileReference; lastKnownFileType = sourcecode.swift; path = AppDelegate.swift; sourceTree = "<group>"; };
		4332342325126D350006C5F9 /* SceneDelegate.swift */ = {isa = PBXFileReference; lastKnownFileType = sourcecode.swift; path = SceneDelegate.swift; sourceTree = "<group>"; };
		4332342525126D350006C5F9 /* ViewController.swift */ = {isa = PBXFileReference; lastKnownFileType = sourcecode.swift; path = ViewController.swift; sourceTree = "<group>"; };
		4332342825126D350006C5F9 /* Base */ = {isa = PBXFileReference; lastKnownFileType = file.storyboard; name = Base; path = Base.lproj/Main.storyboard; sourceTree = "<group>"; };
		4332342A25126D360006C5F9 /* Assets.xcassets */ = {isa = PBXFileReference; lastKnownFileType = folder.assetcatalog; path = Assets.xcassets; sourceTree = "<group>"; };
		4332342D25126D360006C5F9 /* Base */ = {isa = PBXFileReference; lastKnownFileType = file.storyboard; name = Base; path = Base.lproj/LaunchScreen.storyboard; sourceTree = "<group>"; };
		4332342F25126D360006C5F9 /* Info.plist */ = {isa = PBXFileReference; lastKnownFileType = text.plist.xml; path = Info.plist; sourceTree = "<group>"; };
		4332343425126D360006C5F9 /* Name JudgmentTests.xctest */ = {isa = PBXFileReference; explicitFileType = wrapper.cfbundle; includeInIndex = 0; path = "Name JudgmentTests.xctest"; sourceTree = BUILT_PRODUCTS_DIR; };
		4332343825126D360006C5F9 /* Name_JudgmentTests.swift */ = {isa = PBXFileReference; lastKnownFileType = sourcecode.swift; path = Name_JudgmentTests.swift; sourceTree = "<group>"; };
		4332343A25126D360006C5F9 /* Info.plist */ = {isa = PBXFileReference; lastKnownFileType = text.plist.xml; path = Info.plist; sourceTree = "<group>"; };
		4332343F25126D360006C5F9 /* Name JudgmentUITests.xctest */ = {isa = PBXFileReference; explicitFileType = wrapper.cfbundle; includeInIndex = 0; path = "Name JudgmentUITests.xctest"; sourceTree = BUILT_PRODUCTS_DIR; };
		4332344325126D360006C5F9 /* Name_JudgmentUITests.swift */ = {isa = PBXFileReference; lastKnownFileType = sourcecode.swift; path = Name_JudgmentUITests.swift; sourceTree = "<group>"; };
		4332344525126D360006C5F9 /* Info.plist */ = {isa = PBXFileReference; lastKnownFileType = text.plist.xml; path = Info.plist; sourceTree = "<group>"; };
		4332345125126FE80006C5F9 /* ResultViewController.swift */ = {isa = PBXFileReference; lastKnownFileType = sourcecode.swift; path = ResultViewController.swift; sourceTree = "<group>"; };
/* End PBXFileReference section */

/* Begin PBXFrameworksBuildPhase section */
		4332341B25126D350006C5F9 /* Frameworks */ = {
			isa = PBXFrameworksBuildPhase;
			buildActionMask = 2147483647;
			files = (
			);
			runOnlyForDeploymentPostprocessing = 0;
		};
		4332343125126D360006C5F9 /* Frameworks */ = {
			isa = PBXFrameworksBuildPhase;
			buildActionMask = 2147483647;
			files = (
			);
			runOnlyForDeploymentPostprocessing = 0;
		};
		4332343C25126D360006C5F9 /* Frameworks */ = {
			isa = PBXFrameworksBuildPhase;
			buildActionMask = 2147483647;
			files = (
			);
			runOnlyForDeploymentPostprocessing = 0;
		};
/* End PBXFrameworksBuildPhase section */

/* Begin PBXGroup section */
		4332341525126D350006C5F9 = {
			isa = PBXGroup;
			children = (
				4332342025126D350006C5F9 /* Name Judgment */,
				4332343725126D360006C5F9 /* Name JudgmentTests */,
				4332344225126D360006C5F9 /* Name JudgmentUITests */,
				4332341F25126D350006C5F9 /* Products */,
			);
			sourceTree = "<group>";
		};
		4332341F25126D350006C5F9 /* Products */ = {
			isa = PBXGroup;
			children = (
				4332341E25126D350006C5F9 /* Name Judgment.app */,
				4332343425126D360006C5F9 /* Name JudgmentTests.xctest */,
				4332343F25126D360006C5F9 /* Name JudgmentUITests.xctest */,
			);
			name = Products;
			sourceTree = "<group>";
		};
		4332342025126D350006C5F9 /* Name Judgment */ = {
			isa = PBXGroup;
			children = (
				4332342125126D350006C5F9 /* AppDelegate.swift */,
				4332342325126D350006C5F9 /* SceneDelegate.swift */,
				4332342525126D350006C5F9 /* ViewController.swift */,
				4332345125126FE80006C5F9 /* ResultViewController.swift */,
				4332342725126D350006C5F9 /* Main.storyboard */,
				4332342A25126D360006C5F9 /* Assets.xcassets */,
				4332342C25126D360006C5F9 /* LaunchScreen.storyboard */,
				4332342F25126D360006C5F9 /* Info.plist */,
			);
			path = "Name Judgment";
			sourceTree = "<group>";
		};
		4332343725126D360006C5F9 /* Name JudgmentTests */ = {
			isa = PBXGroup;
			children = (
				4332343825126D360006C5F9 /* Name_JudgmentTests.swift */,
				4332343A25126D360006C5F9 /* Info.plist */,
			);
			path = "Name JudgmentTests";
			sourceTree = "<group>";
		};
		4332344225126D360006C5F9 /* Name JudgmentUITests */ = {
			isa = PBXGroup;
			children = (
				4332344325126D360006C5F9 /* Name_JudgmentUITests.swift */,
				4332344525126D360006C5F9 /* Info.plist */,
			);
			path = "Name JudgmentUITests";
			sourceTree = "<group>";
		};
/* End PBXGroup section */

/* Begin PBXNativeTarget section */
		4332341D25126D350006C5F9 /* Name Judgment */ = {
			isa = PBXNativeTarget;
			buildConfigurationList = 4332344825126D360006C5F9 /* Build configuration list for PBXNativeTarget "Name Judgment" */;
			buildPhases = (
				4332341A25126D350006C5F9 /* Sources */,
				4332341B25126D350006C5F9 /* Frameworks */,
				4332341C25126D350006C5F9 /* Resources */,
			);
			buildRules = (
			);
			dependencies = (
			);
			name = "Name Judgment";
			productName = "Name Judgment";
			productReference = 4332341E25126D350006C5F9 /* Name Judgment.app */;
			productType = "com.apple.product-type.application";
		};
		4332343325126D360006C5F9 /* Name JudgmentTests */ = {
			isa = PBXNativeTarget;
			buildConfigurationList = 4332344B25126D360006C5F9 /* Build configuration list for PBXNativeTarget "Name JudgmentTests" */;
			buildPhases = (
				4332343025126D360006C5F9 /* Sources */,
				4332343125126D360006C5F9 /* Frameworks */,
				4332343225126D360006C5F9 /* Resources */,
			);
			buildRules = (
			);
			dependencies = (
				4332343625126D360006C5F9 /* PBXTargetDependency */,
			);
			name = "Name JudgmentTests";
			productName = "Name JudgmentTests";
			productReference = 4332343425126D360006C5F9 /* Name JudgmentTests.xctest */;
			productType = "com.apple.product-type.bundle.unit-test";
		};
		4332343E25126D360006C5F9 /* Name JudgmentUITests */ = {
			isa = PBXNativeTarget;
			buildConfigurationList = 4332344E25126D360006C5F9 /* Build configuration list for PBXNativeTarget "Name JudgmentUITests" */;
			buildPhases = (
				4332343B25126D360006C5F9 /* Sources */,
				4332343C25126D360006C5F9 /* Frameworks */,
				4332343D25126D360006C5F9 /* Resources */,
			);
			buildRules = (
			);
			dependencies = (
				4332344125126D360006C5F9 /* PBXTargetDependency */,
			);
			name = "Name JudgmentUITests";
			productName = "Name JudgmentUITests";
			productReference = 4332343F25126D360006C5F9 /* Name JudgmentUITests.xctest */;
			productType = "com.apple.product-type.bundle.ui-testing";
		};
/* End PBXNativeTarget section */

/* Begin PBXProject section */
		4332341625126D350006C5F9 /* Project object */ = {
			isa = PBXProject;
			attributes = {
				LastSwiftUpdateCheck = 1170;
				LastUpgradeCheck = 1170;
				ORGANIZATIONNAME = "佐藤裕太";
				TargetAttributes = {
					4332341D25126D350006C5F9 = {
						CreatedOnToolsVersion = 11.7;
					};
					4332343325126D360006C5F9 = {
						CreatedOnToolsVersion = 11.7;
						TestTargetID = 4332341D25126D350006C5F9;
					};
					4332343E25126D360006C5F9 = {
						CreatedOnToolsVersion = 11.7;
						TestTargetID = 4332341D25126D350006C5F9;
					};
				};
			};
			buildConfigurationList = 4332341925126D350006C5F9 /* Build configuration list for PBXProject "Name Judgment" */;
			compatibilityVersion = "Xcode 9.3";
			developmentRegion = en;
			hasScannedForEncodings = 0;
			knownRegions = (
				en,
				Base,
			);
			mainGroup = 4332341525126D350006C5F9;
			productRefGroup = 4332341F25126D350006C5F9 /* Products */;
			projectDirPath = "";
			projectRoot = "";
			targets = (
				4332341D25126D350006C5F9 /* Name Judgment */,
				4332343325126D360006C5F9 /* Name JudgmentTests */,
				4332343E25126D360006C5F9 /* Name JudgmentUITests */,
			);
		};
/* End PBXProject section */

/* Begin PBXResourcesBuildPhase section */
		4332341C25126D350006C5F9 /* Resources */ = {
			isa = PBXResourcesBuildPhase;
			buildActionMask = 2147483647;
			files = (
				4332342E25126D360006C5F9 /* LaunchScreen.storyboard in Resources */,
				4332342B25126D360006C5F9 /* Assets.xcassets in Resources */,
				4332342925126D350006C5F9 /* Main.storyboard in Resources */,
			);
			runOnlyForDeploymentPostprocessing = 0;
		};
		4332343225126D360006C5F9 /* Resources */ = {
			isa = PBXResourcesBuildPhase;
			buildActionMask = 2147483647;
			files = (
			);
			runOnlyForDeploymentPostprocessing = 0;
		};
		4332343D25126D360006C5F9 /* Resources */ = {
			isa = PBXResourcesBuildPhase;
			buildActionMask = 2147483647;
			files = (
			);
			runOnlyForDeploymentPostprocessing = 0;
		};
/* End PBXResourcesBuildPhase section */

/* Begin PBXSourcesBuildPhase section */
		4332341A25126D350006C5F9 /* Sources */ = {
			isa = PBXSourcesBuildPhase;
			buildActionMask = 2147483647;
			files = (
				4332342625126D350006C5F9 /* ViewController.swift in Sources */,
				4332342225126D350006C5F9 /* AppDelegate.swift in Sources */,
				4332342425126D350006C5F9 /* SceneDelegate.swift in Sources */,
				4332345225126FE80006C5F9 /* ResultViewController.swift in Sources */,
			);
			runOnlyForDeploymentPostprocessing = 0;
		};
		4332343025126D360006C5F9 /* Sources */ = {
			isa = PBXSourcesBuildPhase;
			buildActionMask = 2147483647;
			files = (
				4332343925126D360006C5F9 /* Name_JudgmentTests.swift in Sources */,
			);
			runOnlyForDeploymentPostprocessing = 0;
		};
		4332343B25126D360006C5F9 /* Sources */ = {
			isa = PBXSourcesBuildPhase;
			buildActionMask = 2147483647;
			files = (
				4332344425126D360006C5F9 /* Name_JudgmentUITests.swift in Sources */,
			);
			runOnlyForDeploymentPostprocessing = 0;
		};
/* End PBXSourcesBuildPhase section */

/* Begin PBXTargetDependency section */
		4332343625126D360006C5F9 /* PBXTargetDependency */ = {
			isa = PBXTargetDependency;
			target = 4332341D25126D350006C5F9 /* Name Judgment */;
			targetProxy = 4332343525126D360006C5F9 /* PBXContainerItemProxy */;
		};
		4332344125126D360006C5F9 /* PBXTargetDependency */ = {
			isa = PBXTargetDependency;
			target = 4332341D25126D350006C5F9 /* Name Judgment */;
			targetProxy = 4332344025126D360006C5F9 /* PBXContainerItemProxy */;
		};
/* End PBXTargetDependency section */

/* Begin PBXVariantGroup section */
		4332342725126D350006C5F9 /* Main.storyboard */ = {
			isa = PBXVariantGroup;
			children = (
				4332342825126D350006C5F9 /* Base */,
			);
			name = Main.storyboard;
			sourceTree = "<group>";
		};
		4332342C25126D360006C5F9 /* LaunchScreen.storyboard */ = {
			isa = PBXVariantGroup;
			children = (
				4332342D25126D360006C5F9 /* Base */,
			);
			name = LaunchScreen.storyboard;
			sourceTree = "<group>";
		};
/* End PBXVariantGroup section */

/* Begin XCBuildConfiguration section */
		4332344625126D360006C5F9 /* Debug */ = {
			isa = XCBuildConfiguration;
			buildSettings = {
				ALWAYS_SEARCH_USER_PATHS = NO;
				CLANG_ANALYZER_NONNULL = YES;
				CLANG_ANALYZER_NUMBER_OBJECT_CONVERSION = YES_AGGRESSIVE;
				CLANG_CXX_LANGUAGE_STANDARD = "gnu++14";
				CLANG_CXX_LIBRARY = "libc++";
				CLANG_ENABLE_MODULES = YES;
				CLANG_ENABLE_OBJC_ARC = YES;
				CLANG_ENABLE_OBJC_WEAK = YES;
				CLANG_WARN_BLOCK_CAPTURE_AUTORELEASING = YES;
				CLANG_WARN_BOOL_CONVERSION = YES;
				CLANG_WARN_COMMA = YES;
				CLANG_WARN_CONSTANT_CONVERSION = YES;
				CLANG_WARN_DEPRECATED_OBJC_IMPLEMENTATIONS = YES;
				CLANG_WARN_DIRECT_OBJC_ISA_USAGE = YES_ERROR;
				CLANG_WARN_DOCUMENTATION_COMMENTS = YES;
				CLANG_WARN_EMPTY_BODY = YES;
				CLANG_WARN_ENUM_CONVERSION = YES;
				CLANG_WARN_INFINITE_RECURSION = YES;
				CLANG_WARN_INT_CONVERSION = YES;
				CLANG_WARN_NON_LITERAL_NULL_CONVERSION = YES;
				CLANG_WARN_OBJC_IMPLICIT_RETAIN_SELF = YES;
				CLANG_WARN_OBJC_LITERAL_CONVERSION = YES;
				CLANG_WARN_OBJC_ROOT_CLASS = YES_ERROR;
				CLANG_WARN_RANGE_LOOP_ANALYSIS = YES;
				CLANG_WARN_STRICT_PROTOTYPES = YES;
				CLANG_WARN_SUSPICIOUS_MOVE = YES;
				CLANG_WARN_UNGUARDED_AVAILABILITY = YES_AGGRESSIVE;
				CLANG_WARN_UNREACHABLE_CODE = YES;
				CLANG_WARN__DUPLICATE_METHOD_MATCH = YES;
				COPY_PHASE_STRIP = NO;
				DEBUG_INFORMATION_FORMAT = dwarf;
				ENABLE_STRICT_OBJC_MSGSEND = YES;
				ENABLE_TESTABILITY = YES;
				GCC_C_LANGUAGE_STANDARD = gnu11;
				GCC_DYNAMIC_NO_PIC = NO;
				GCC_NO_COMMON_BLOCKS = YES;
				GCC_OPTIMIZATION_LEVEL = 0;
				GCC_PREPROCESSOR_DEFINITIONS = (
					"DEBUG=1",
					"$(inherited)",
				);
				GCC_WARN_64_TO_32_BIT_CONVERSION = YES;
				GCC_WARN_ABOUT_RETURN_TYPE = YES_ERROR;
				GCC_WARN_UNDECLARED_SELECTOR = YES;
				GCC_WARN_UNINITIALIZED_AUTOS = YES_AGGRESSIVE;
				GCC_WARN_UNUSED_FUNCTION = YES;
				GCC_WARN_UNUSED_VARIABLE = YES;
				IPHONEOS_DEPLOYMENT_TARGET = 13.7;
				MTL_ENABLE_DEBUG_INFO = INCLUDE_SOURCE;
				MTL_FAST_MATH = YES;
				ONLY_ACTIVE_ARCH = YES;
				SDKROOT = iphoneos;
				SWIFT_ACTIVE_COMPILATION_CONDITIONS = DEBUG;
				SWIFT_OPTIMIZATION_LEVEL = "-Onone";
			};
			name = Debug;
		};
		4332344725126D360006C5F9 /* Release */ = {
			isa = XCBuildConfiguration;
			buildSettings = {
				ALWAYS_SEARCH_USER_PATHS = NO;
				CLANG_ANALYZER_NONNULL = YES;
				CLANG_ANALYZER_NUMBER_OBJECT_CONVERSION = YES_AGGRESSIVE;
				CLANG_CXX_LANGUAGE_STANDARD = "gnu++14";
				CLANG_CXX_LIBRARY = "libc++";
				CLANG_ENABLE_MODULES = YES;
				CLANG_ENABLE_OBJC_ARC = YES;
				CLANG_ENABLE_OBJC_WEAK = YES;
				CLANG_WARN_BLOCK_CAPTURE_AUTORELEASING = YES;
				CLANG_WARN_BOOL_CONVERSION = YES;
				CLANG_WARN_COMMA = YES;
				CLANG_WARN_CONSTANT_CONVERSION = YES;
				CLANG_WARN_DEPRECATED_OBJC_IMPLEMENTATIONS = YES;
				CLANG_WARN_DIRECT_OBJC_ISA_USAGE = YES_ERROR;
				CLANG_WARN_DOCUMENTATION_COMMENTS = YES;
				CLANG_WARN_EMPTY_BODY = YES;
				CLANG_WARN_ENUM_CONVERSION = YES;
				CLANG_WARN_INFINITE_RECURSION = YES;
				CLANG_WARN_INT_CONVERSION = YES;
				CLANG_WARN_NON_LITERAL_NULL_CONVERSION = YES;
				CLANG_WARN_OBJC_IMPLICIT_RETAIN_SELF = YES;
				CLANG_WARN_OBJC_LITERAL_CONVERSION = YES;
				CLANG_WARN_OBJC_ROOT_CLASS = YES_ERROR;
				CLANG_WARN_RANGE_LOOP_ANALYSIS = YES;
				CLANG_WARN_STRICT_PROTOTYPES = YES;
				CLANG_WARN_SUSPICIOUS_MOVE = YES;
				CLANG_WARN_UNGUARDED_AVAILABILITY = YES_AGGRESSIVE;
				CLANG_WARN_UNREACHABLE_CODE = YES;
				CLANG_WARN__DUPLICATE_METHOD_MATCH = YES;
				COPY_PHASE_STRIP = NO;
				DEBUG_INFORMATION_FORMAT = "dwarf-with-dsym";
				ENABLE_NS_ASSERTIONS = NO;
				ENABLE_STRICT_OBJC_MSGSEND = YES;
				GCC_C_LANGUAGE_STANDARD = gnu11;
				GCC_NO_COMMON_BLOCKS = YES;
				GCC_WARN_64_TO_32_BIT_CONVERSION = YES;
				GCC_WARN_ABOUT_RETURN_TYPE = YES_ERROR;
				GCC_WARN_UNDECLARED_SELECTOR = YES;
				GCC_WARN_UNINITIALIZED_AUTOS = YES_AGGRESSIVE;
				GCC_WARN_UNUSED_FUNCTION = YES;
				GCC_WARN_UNUSED_VARIABLE = YES;
				IPHONEOS_DEPLOYMENT_TARGET = 13.7;
				MTL_ENABLE_DEBUG_INFO = NO;
				MTL_FAST_MATH = YES;
				SDKROOT = iphoneos;
				SWIFT_COMPILATION_MODE = wholemodule;
				SWIFT_OPTIMIZATION_LEVEL = "-O";
				VALIDATE_PRODUCT = YES;
			};
			name = Release;
		};
		4332344925126D360006C5F9 /* Debug */ = {
			isa = XCBuildConfiguration;
			buildSettings = {
				ASSETCATALOG_COMPILER_APPICON_NAME = AppIcon;
				CODE_SIGN_STYLE = Automatic;
				DEVELOPMENT_TEAM = UL7SACB3N2;
				INFOPLIST_FILE = "Name Judgment/Info.plist";
				LD_RUNPATH_SEARCH_PATHS = (
					"$(inherited)",
					"@executable_path/Frameworks",
				);
				PRODUCT_BUNDLE_IDENTIFIER = "yutab-sato.Name-Judgment";
				PRODUCT_NAME = "$(TARGET_NAME)";
				SWIFT_VERSION = 5.0;
				TARGETED_DEVICE_FAMILY = "1,2";
			};
			name = Debug;
		};
		4332344A25126D360006C5F9 /* Release */ = {
			isa = XCBuildConfiguration;
			buildSettings = {
				ASSETCATALOG_COMPILER_APPICON_NAME = AppIcon;
				CODE_SIGN_STYLE = Automatic;
				DEVELOPMENT_TEAM = UL7SACB3N2;
				INFOPLIST_FILE = "Name Judgment/Info.plist";
				LD_RUNPATH_SEARCH_PATHS = (
					"$(inherited)",
					"@executable_path/Frameworks",
				);
				PRODUCT_BUNDLE_IDENTIFIER = "yutab-sato.Name-Judgment";
				PRODUCT_NAME = "$(TARGET_NAME)";
				SWIFT_VERSION = 5.0;
				TARGETED_DEVICE_FAMILY = "1,2";
			};
			name = Release;
		};
		4332344C25126D360006C5F9 /* Debug */ = {
			isa = XCBuildConfiguration;
			buildSettings = {
				ALWAYS_EMBED_SWIFT_STANDARD_LIBRARIES = YES;
				BUNDLE_LOADER = "$(TEST_HOST)";
				CODE_SIGN_STYLE = Automatic;
				DEVELOPMENT_TEAM = UL7SACB3N2;
				INFOPLIST_FILE = "Name JudgmentTests/Info.plist";
				IPHONEOS_DEPLOYMENT_TARGET = 13.7;
				LD_RUNPATH_SEARCH_PATHS = (
					"$(inherited)",
					"@executable_path/Frameworks",
					"@loader_path/Frameworks",
				);
				PRODUCT_BUNDLE_IDENTIFIER = "yutab-sato.Name-JudgmentTests";
				PRODUCT_NAME = "$(TARGET_NAME)";
				SWIFT_VERSION = 5.0;
				TARGETED_DEVICE_FAMILY = "1,2";
				TEST_HOST = "$(BUILT_PRODUCTS_DIR)/Name Judgment.app/Name Judgment";
			};
			name = Debug;
		};
		4332344D25126D360006C5F9 /* Release */ = {
			isa = XCBuildConfiguration;
			buildSettings = {
				ALWAYS_EMBED_SWIFT_STANDARD_LIBRARIES = YES;
				BUNDLE_LOADER = "$(TEST_HOST)";
				CODE_SIGN_STYLE = Automatic;
				DEVELOPMENT_TEAM = UL7SACB3N2;
				INFOPLIST_FILE = "Name JudgmentTests/Info.plist";
				IPHONEOS_DEPLOYMENT_TARGET = 13.7;
				LD_RUNPATH_SEARCH_PATHS = (
					"$(inherited)",
					"@executable_path/Frameworks",
					"@loader_path/Frameworks",
				);
				PRODUCT_BUNDLE_IDENTIFIER = "yutab-sato.Name-JudgmentTests";
				PRODUCT_NAME = "$(TARGET_NAME)";
				SWIFT_VERSION = 5.0;
				TARGETED_DEVICE_FAMILY = "1,2";
				TEST_HOST = "$(BUILT_PRODUCTS_DIR)/Name Judgment.app/Name Judgment";
			};
			name = Release;
		};
		4332344F25126D360006C5F9 /* Debug */ = {
			isa = XCBuildConfiguration;
			buildSettings = {
				ALWAYS_EMBED_SWIFT_STANDARD_LIBRARIES = YES;
				CODE_SIGN_STYLE = Automatic;
				DEVELOPMENT_TEAM = UL7SACB3N2;
				INFOPLIST_FILE = "Name JudgmentUITests/Info.plist";
				LD_RUNPATH_SEARCH_PATHS = (
					"$(inherited)",
					"@executable_path/Frameworks",
					"@loader_path/Frameworks",
				);
				PRODUCT_BUNDLE_IDENTIFIER = "yutab-sato.Name-JudgmentUITests";
				PRODUCT_NAME = "$(TARGET_NAME)";
				SWIFT_VERSION = 5.0;
				TARGETED_DEVICE_FAMILY = "1,2";
				TEST_TARGET_NAME = "Name Judgment";
			};
			name = Debug;
		};
		4332345025126D360006C5F9 /* Release */ = {
			isa = XCBuildConfiguration;
			buildSettings = {
				ALWAYS_EMBED_SWIFT_STANDARD_LIBRARIES = YES;
				CODE_SIGN_STYLE = Automatic;
				DEVELOPMENT_TEAM = UL7SACB3N2;
				INFOPLIST_FILE = "Name JudgmentUITests/Info.plist";
				LD_RUNPATH_SEARCH_PATHS = (
					"$(inherited)",
					"@executable_path/Frameworks",
					"@loader_path/Frameworks",
				);
				PRODUCT_BUNDLE_IDENTIFIER = "yutab-sato.Name-JudgmentUITests";
				PRODUCT_NAME = "$(TARGET_NAME)";
				SWIFT_VERSION = 5.0;
				TARGETED_DEVICE_FAMILY = "1,2";
				TEST_TARGET_NAME = "Name Judgment";
			};
			name = Release;
		};
/* End XCBuildConfiguration section */

/* Begin XCConfigurationList section */
		4332341925126D350006C5F9 /* Build configuration list for PBXProject "Name Judgment" */ = {
			isa = XCConfigurationList;
			buildConfigurations = (
				4332344625126D360006C5F9 /* Debug */,
				4332344725126D360006C5F9 /* Release */,
			);
			defaultConfigurationIsVisible = 0;
			defaultConfigurationName = Release;
		};
		4332344825126D360006C5F9 /* Build configuration list for PBXNativeTarget "Name Judgment" */ = {
			isa = XCConfigurationList;
			buildConfigurations = (
				4332344925126D360006C5F9 /* Debug */,
				4332344A25126D360006C5F9 /* Release */,
			);
			defaultConfigurationIsVisible = 0;
			defaultConfigurationName = Release;
		};
		4332344B25126D360006C5F9 /* Build configuration list for PBXNativeTarget "Name JudgmentTests" */ = {
			isa = XCConfigurationList;
			buildConfigurations = (
				4332344C25126D360006C5F9 /* Debug */,
				4332344D25126D360006C5F9 /* Release */,
			);
			defaultConfigurationIsVisible = 0;
			defaultConfigurationName = Release;
		};
		4332344E25126D360006C5F9 /* Build configuration list for PBXNativeTarget "Name JudgmentUITests" */ = {
			isa = XCConfigurationList;
			buildConfigurations = (
				4332344F25126D360006C5F9 /* Debug */,
				4332345025126D360006C5F9 /* Release */,
			);
			defaultConfigurationIsVisible = 0;
			defaultConfigurationName = Release;
		};
/* End XCConfigurationList section */
	};
	rootObject = 4332341625126D350006C5F9 /* Project object */;
}
